
Microsoft Visual Studio Solution File, Format Version 12.00
# Visual Studio Version 17
VisualStudioVersion = 17.3.32825.248
MinimumVisualStudioVersion = 10.0.40219.1
Project("{FAE04EC0-301F-11D3-BF4B-00C04F79EFBC}") = "Lab18 State", "Lab18 State\Lab18 State.csproj", "{524F0B3A-49AD-4BD4-AF5B-5057927C41B6}"
EndProject
Project("{2150E333-8FDC-42A3-9474-1A3956D46DE8}") = "Элементы решения", "Элементы решения", "{8D8C66A5-C120-418F-BE24-A7D337C21486}"
	ProjectSection(SolutionItems) = preProject
		.gitignore = .gitignore
	EndProjectSection
EndProject
Global
	GlobalSection(SolutionConfigurationPlatforms) = preSolution
		Debug|Any CPU = Debug|Any CPU
		Release|Any CPU = Release|Any CPU
	EndGlobalSection
	GlobalSection(ProjectConfigurationPlatforms) = postSolution
		{524F0B3A-49AD-4BD4-AF5B-5057927C41B6}.Debug|Any CPU.ActiveCfg = Debug|Any CPU
		{524F0B3A-49AD-4BD4-AF5B-5057927C41B6}.Debug|Any CPU.Build.0 = Debug|Any CPU
		{524F0B3A-49AD-4BD4-AF5B-5057927C41B6}.Release|Any CPU.ActiveCfg = Release|Any CPU
		{524F0B3A-49AD-4BD4-AF5B-5057927C41B6}.Release|Any CPU.Build.0 = Release|Any CPU
	EndGlobalSection
	GlobalSection(SolutionProperties) = preSolution
		HideSolutionNode = FALSE
	EndGlobalSection
	GlobalSection(ExtensibilityGlobals) = postSolution
		SolutionGuid = {2D34C000-6E66-4917-BC6E-F344E6BE7AA8}
	EndGlobalSection
EndGlobal
